{
  "name": "spotihue",
  "version": "1.0.0",
  "lockfileVersion": 1,
  "requires": true,
  "dependencies": {
    "@mariotacke/color-thief": {
      "version": "3.0.1",
      "resolved": "https://registry.npmjs.org/@mariotacke/color-thief/-/color-thief-3.0.1.tgz",
      "integrity": "sha1-zNL+1MI7snJoYUZP+PUoFYElwLY="
    }
  }
}
